// !$*UTF8*$!
{
	archiveVersion = 1;
	classes = {
	};
	objectVersion = 52;
	objects = {

/* Begin PBXBuildFile section */
		AB70485827B69C0E00D25177 /* AppDelegate.swift in Sources */ = {isa = PBXBuildFile; fileRef = AB70485727B69C0E00D25177 /* AppDelegate.swift */; };
		AB70485A27B69C0E00D25177 /* SceneDelegate.swift in Sources */ = {isa = PBXBuildFile; fileRef = AB70485927B69C0E00D25177 /* SceneDelegate.swift */; };
		AB70485F27B69C0E00D25177 /* Main.storyboard in Resources */ = {isa = PBXBuildFile; fileRef = AB70485D27B69C0E00D25177 /* Main.storyboard */; };
		AB70486127B69C1000D25177 /* Assets.xcassets in Resources */ = {isa = PBXBuildFile; fileRef = AB70486027B69C1000D25177 /* Assets.xcassets */; };
		AB70486427B69C1000D25177 /* LaunchScreen.storyboard in Resources */ = {isa = PBXBuildFile; fileRef = AB70486227B69C1000D25177 /* LaunchScreen.storyboard */; };
		AB70486C27B69EC800D25177 /* NewsTableViewCell.swift in Sources */ = {isa = PBXBuildFile; fileRef = AB70486B27B69EC800D25177 /* NewsTableViewCell.swift */; };
		AB70486E27B6A59000D25177 /* News.swift in Sources */ = {isa = PBXBuildFile; fileRef = AB70486D27B6A59000D25177 /* News.swift */; };
		AB70487027B6A67800D25177 /* NewsTableViewController.swift in Sources */ = {isa = PBXBuildFile; fileRef = AB70486F27B6A67800D25177 /* NewsTableViewController.swift */; };
		AB70487227B6A75E00D25177 /* NewsProvider.swift in Sources */ = {isa = PBXBuildFile; fileRef = AB70487127B6A75E00D25177 /* NewsProvider.swift */; };
		AB70487427B6B11900D25177 /* Extensions.swift in Sources */ = {isa = PBXBuildFile; fileRef = AB70487327B6B11900D25177 /* Extensions.swift */; };
		ABDE420127BA6D1900FDB47F /* Kingfisher in Frameworks */ = {isa = PBXBuildFile; productRef = ABDE420027BA6D1900FDB47F /* Kingfisher */; };
/* End PBXBuildFile section */

/* Begin PBXFileReference section */
		AB70485427B69C0E00D25177 /* HaberlerBB.app */ = {isa = PBXFileReference; explicitFileType = wrapper.application; includeInIndex = 0; path = HaberlerBB.app; sourceTree = BUILT_PRODUCTS_DIR; };
		AB70485727B69C0E00D25177 /* AppDelegate.swift */ = {isa = PBXFileReference; lastKnownFileType = sourcecode.swift; path = AppDelegate.swift; sourceTree = "<group>"; };
		AB70485927B69C0E00D25177 /* SceneDelegate.swift */ = {isa = PBXFileReference; lastKnownFileType = sourcecode.swift; path = SceneDelegate.swift; sourceTree = "<group>"; };
		AB70485E27B69C0E00D25177 /* Base */ = {isa = PBXFileReference; lastKnownFileType = file.storyboard; name = Base; path = Base.lproj/Main.storyboard; sourceTree = "<group>"; };
		AB70486027B69C1000D25177 /* Assets.xcassets */ = {isa = PBXFileReference; lastKnownFileType = folder.assetcatalog; path = Assets.xcassets; sourceTree = "<group>"; };
		AB70486327B69C1000D25177 /* Base */ = {isa = PBXFileReference; lastKnownFileType = file.storyboard; name = Base; path = Base.lproj/LaunchScreen.storyboard; sourceTree = "<group>"; };
		AB70486527B69C1000D25177 /* Info.plist */ = {isa = PBXFileReference; lastKnownFileType = text.plist.xml; path = Info.plist; sourceTree = "<group>"; };
		AB70486B27B69EC800D25177 /* NewsTableViewCell.swift */ = {isa = PBXFileReference; lastKnownFileType = sourcecode.swift; path = NewsTableViewCell.swift; sourceTree = "<group>"; };
		AB70486D27B6A59000D25177 /* News.swift */ = {isa = PBXFileReference; lastKnownFileType = sourcecode.swift; path = News.swift; sourceTree = "<group>"; };
		AB70486F27B6A67800D25177 /* NewsTableViewController.swift */ = {isa = PBXFileReference; lastKnownFileType = sourcecode.swift; path = NewsTableViewController.swift; sourceTree = "<group>"; };
		AB70487127B6A75E00D25177 /* NewsProvider.swift */ = {isa = PBXFileReference; lastKnownFileType = sourcecode.swift; path = NewsProvider.swift; sourceTree = "<group>"; };
		AB70487327B6B11900D25177 /* Extensions.swift */ = {isa = PBXFileReference; lastKnownFileType = sourcecode.swift; path = Extensions.swift; sourceTree = "<group>"; };
/* End PBXFileReference section */

/* Begin PBXFrameworksBuildPhase section */
		AB70485127B69C0E00D25177 /* Frameworks */ = {
			isa = PBXFrameworksBuildPhase;
			buildActionMask = 2147483647;
			files = (
				ABDE420127BA6D1900FDB47F /* Kingfisher in Frameworks */,
			);
			runOnlyForDeploymentPostprocessing = 0;
		};
/* End PBXFrameworksBuildPhase section */

/* Begin PBXGroup section */
		AB70484B27B69C0E00D25177 = {
			isa = PBXGroup;
			children = (
				ABDE420A27BAA8B700FDB47F /* Systems */,
				ABDE420827BAA81600FDB47F /* App Delegate */,
				ABDE420227BAA66800FDB47F /* View */,
				ABDE420327BAA67800FDB47F /* ViewController */,
				ABDE420627BAA6C900FDB47F /* Storyboard */,
				ABDE420927BAA83000FDB47F /* Utilities */,
				ABDE420727BAA80A00FDB47F /* Network */,
				ABDE420B27BAA8CF00FDB47F /* Resources */,
				AB70485527B69C0E00D25177 /* Products */,
			);
			sourceTree = "<group>";
		};
		AB70485527B69C0E00D25177 /* Products */ = {
			isa = PBXGroup;
			children = (
				AB70485427B69C0E00D25177 /* HaberlerBB.app */,
			);
			name = Products;
			sourceTree = "<group>";
		};
		ABDE420227BAA66800FDB47F /* View */ = {
			isa = PBXGroup;
			children = (
				AB70486B27B69EC800D25177 /* NewsTableViewCell.swift */,
			);
			path = View;
			sourceTree = "<group>";
		};
		ABDE420327BAA67800FDB47F /* ViewController */ = {
			isa = PBXGroup;
			children = (
				AB70486F27B6A67800D25177 /* NewsTableViewController.swift */,
			);
			path = ViewController;
			sourceTree = "<group>";
		};
		ABDE420427BAA69A00FDB47F /* Model */ = {
			isa = PBXGroup;
			children = (
				AB70486D27B6A59000D25177 /* News.swift */,
			);
			path = Model;
			sourceTree = "<group>";
		};
		ABDE420627BAA6C900FDB47F /* Storyboard */ = {
			isa = PBXGroup;
			children = (
				AB70486227B69C1000D25177 /* LaunchScreen.storyboard */,
				AB70485D27B69C0E00D25177 /* Main.storyboard */,
			);
			path = Storyboard;
			sourceTree = "<group>";
		};
		ABDE420727BAA80A00FDB47F /* Network */ = {
			isa = PBXGroup;
			children = (
				ABDE420427BAA69A00FDB47F /* Model */,
				AB70487127B6A75E00D25177 /* NewsProvider.swift */,
			);
			path = Network;
			sourceTree = "<group>";
		};
		ABDE420827BAA81600FDB47F /* App Delegate */ = {
			isa = PBXGroup;
			children = (
				AB70485727B69C0E00D25177 /* AppDelegate.swift */,
				AB70485927B69C0E00D25177 /* SceneDelegate.swift */,
			);
			path = "App Delegate";
			sourceTree = "<group>";
		};
		ABDE420927BAA83000FDB47F /* Utilities */ = {
			isa = PBXGroup;
			children = (
				AB70487327B6B11900D25177 /* Extensions.swift */,
			);
			path = Utilities;
			sourceTree = "<group>";
		};
		ABDE420A27BAA8B700FDB47F /* Systems */ = {
			isa = PBXGroup;
			children = (
				AB70486527B69C1000D25177 /* Info.plist */,
			);
			path = Systems;
			sourceTree = "<group>";
		};
		ABDE420B27BAA8CF00FDB47F /* Resources */ = {
			isa = PBXGroup;
			children = (
				AB70486027B69C1000D25177 /* Assets.xcassets */,
			);
			path = Resources;
			sourceTree = "<group>";
		};
/* End PBXGroup section */

/* Begin PBXNativeTarget section */
		AB70485327B69C0E00D25177 /* HaberlerBB */ = {
			isa = PBXNativeTarget;
			buildConfigurationList = AB70486827B69C1000D25177 /* Build configuration list for PBXNativeTarget "HaberlerBB" */;
			buildPhases = (
				AB70485027B69C0E00D25177 /* Sources */,
				AB70485127B69C0E00D25177 /* Frameworks */,
				AB70485227B69C0E00D25177 /* Resources */,
			);
			buildRules = (
			);
			dependencies = (
			);
			name = HaberlerBB;
			packageProductDependencies = (
				ABDE420027BA6D1900FDB47F /* Kingfisher */,
			);
			productName = HaberlerBB;
			productReference = AB70485427B69C0E00D25177 /* HaberlerBB.app */;
			productType = "com.apple.product-type.application";
		};
/* End PBXNativeTarget section */

/* Begin PBXProject section */
		AB70484C27B69C0E00D25177 /* Project object */ = {
			isa = PBXProject;
			attributes = {
				LastSwiftUpdateCheck = 1250;
				LastUpgradeCheck = 1250;
				TargetAttributes = {
					AB70485327B69C0E00D25177 = {
						CreatedOnToolsVersion = 12.5.1;
					};
				};
			};
			buildConfigurationList = AB70484F27B69C0E00D25177 /* Build configuration list for PBXProject "HaberlerBB" */;
			compatibilityVersion = "Xcode 9.3";
			developmentRegion = en;
			hasScannedForEncodings = 0;
			knownRegions = (
				en,
				Base,
			);
			mainGroup = AB70484B27B69C0E00D25177;
			packageReferences = (
				ABDE41FF27BA6D1900FDB47F /* XCRemoteSwiftPackageReference "Kingfisher" */,
			);
			productRefGroup = AB70485527B69C0E00D25177 /* Products */;
			projectDirPath = "";
			projectRoot = "";
			targets = (
				AB70485327B69C0E00D25177 /* HaberlerBB */,
			);
		};
/* End PBXProject section */

/* Begin PBXResourcesBuildPhase section */
		AB70485227B69C0E00D25177 /* Resources */ = {
			isa = PBXResourcesBuildPhase;
			buildActionMask = 2147483647;
			files = (
				AB70486427B69C1000D25177 /* LaunchScreen.storyboard in Resources */,
				AB70486127B69C1000D25177 /* Assets.xcassets in Resources */,
				AB70485F27B69C0E00D25177 /* Main.storyboard in Resources */,
			);
			runOnlyForDeploymentPostprocessing = 0;
		};
/* End PBXResourcesBuildPhase section */

/* Begin PBXSourcesBuildPhase section */
		AB70485027B69C0E00D25177 /* Sources */ = {
			isa = PBXSourcesBuildPhase;
			buildActionMask = 2147483647;
			files = (
				AB70485827B69C0E00D25177 /* AppDelegate.swift in Sources */,
				AB70487227B6A75E00D25177 /* NewsProvider.swift in Sources */,
				AB70487027B6A67800D25177 /* NewsTableViewController.swift in Sources */,
				AB70486C27B69EC800D25177 /* NewsTableViewCell.swift in Sources */,
				AB70486E27B6A59000D25177 /* News.swift in Sources */,
				AB70485A27B69C0E00D25177 /* SceneDelegate.swift in Sources */,
				AB70487427B6B11900D25177 /* Extensions.swift in Sources */,
			);
			runOnlyForDeploymentPostprocessing = 0;
		};
/* End PBXSourcesBuildPhase section */

/* Begin PBXVariantGroup section */
		AB70485D27B69C0E00D25177 /* Main.storyboard */ = {
			isa = PBXVariantGroup;
			children = (
				AB70485E27B69C0E00D25177 /* Base */,
			);
			name = Main.storyboard;
			sourceTree = "<group>";
		};
		AB70486227B69C1000D25177 /* LaunchScreen.storyboard */ = {
			isa = PBXVariantGroup;
			children = (
				AB70486327B69C1000D25177 /* Base */,
			);
			name = LaunchScreen.storyboard;
			sourceTree = "<group>";
		};
/* End PBXVariantGroup section */

/* Begin XCBuildConfiguration section */
		AB70486627B69C1000D25177 /* Debug */ = {
			isa = XCBuildConfiguration;
			buildSettings = {
				ALWAYS_SEARCH_USER_PATHS = NO;
				CLANG_ANALYZER_NONNULL = YES;
				CLANG_ANALYZER_NUMBER_OBJECT_CONVERSION = YES_AGGRESSIVE;
				CLANG_CXX_LANGUAGE_STANDARD = "gnu++14";
				CLANG_CXX_LIBRARY = "libc++";
				CLANG_ENABLE_MODULES = YES;
				CLANG_ENABLE_OBJC_ARC = YES;
				CLANG_ENABLE_OBJC_WEAK = YES;
				CLANG_WARN_BLOCK_CAPTURE_AUTORELEASING = YES;
				CLANG_WARN_BOOL_CONVERSION = YES;
				CLANG_WARN_COMMA = YES;
				CLANG_WARN_CONSTANT_CONVERSION = YES;
				CLANG_WARN_DEPRECATED_OBJC_IMPLEMENTATIONS = YES;
				CLANG_WARN_DIRECT_OBJC_ISA_USAGE = YES_ERROR;
				CLANG_WARN_DOCUMENTATION_COMMENTS = YES;
				CLANG_WARN_EMPTY_BODY = YES;
				CLANG_WARN_ENUM_CONVERSION = YES;
				CLANG_WARN_INFINITE_RECURSION = YES;
				CLANG_WARN_INT_CONVERSION = YES;
				CLANG_WARN_NON_LITERAL_NULL_CONVERSION = YES;
				CLANG_WARN_OBJC_IMPLICIT_RETAIN_SELF = YES;
				CLANG_WARN_OBJC_LITERAL_CONVERSION = YES;
				CLANG_WARN_OBJC_ROOT_CLASS = YES_ERROR;
				CLANG_WARN_QUOTED_INCLUDE_IN_FRAMEWORK_HEADER = YES;
				CLANG_WARN_RANGE_LOOP_ANALYSIS = YES;
				CLANG_WARN_STRICT_PROTOTYPES = YES;
				CLANG_WARN_SUSPICIOUS_MOVE = YES;
				CLANG_WARN_UNGUARDED_AVAILABILITY = YES_AGGRESSIVE;
				CLANG_WARN_UNREACHABLE_CODE = YES;
				CLANG_WARN__DUPLICATE_METHOD_MATCH = YES;
				COPY_PHASE_STRIP = NO;
				DEBUG_INFORMATION_FORMAT = dwarf;
				ENABLE_STRICT_OBJC_MSGSEND = YES;
				ENABLE_TESTABILITY = YES;
				GCC_C_LANGUAGE_STANDARD = gnu11;
				GCC_DYNAMIC_NO_PIC = NO;
				GCC_NO_COMMON_BLOCKS = YES;
				GCC_OPTIMIZATION_LEVEL = 0;
				GCC_PREPROCESSOR_DEFINITIONS = (
					"DEBUG=1",
					"$(inherited)",
				);
				GCC_WARN_64_TO_32_BIT_CONVERSION = YES;
				GCC_WARN_ABOUT_RETURN_TYPE = YES_ERROR;
				GCC_WARN_UNDECLARED_SELECTOR = YES;
				GCC_WARN_UNINITIALIZED_AUTOS = YES_AGGRESSIVE;
				GCC_WARN_UNUSED_FUNCTION = YES;
				GCC_WARN_UNUSED_VARIABLE = YES;
				IPHONEOS_DEPLOYMENT_TARGET = 14.5;
				MTL_ENABLE_DEBUG_INFO = INCLUDE_SOURCE;
				MTL_FAST_MATH = YES;
				ONLY_ACTIVE_ARCH = YES;
				SDKROOT = iphoneos;
				SWIFT_ACTIVE_COMPILATION_CONDITIONS = DEBUG;
				SWIFT_OPTIMIZATION_LEVEL = "-Onone";
			};
			name = Debug;
		};
		AB70486727B69C1000D25177 /* Release */ = {
			isa = XCBuildConfiguration;
			buildSettings = {
				ALWAYS_SEARCH_USER_PATHS = NO;
				CLANG_ANALYZER_NONNULL = YES;
				CLANG_ANALYZER_NUMBER_OBJECT_CONVERSION = YES_AGGRESSIVE;
				CLANG_CXX_LANGUAGE_STANDARD = "gnu++14";
				CLANG_CXX_LIBRARY = "libc++";
				CLANG_ENABLE_MODULES = YES;
				CLANG_ENABLE_OBJC_ARC = YES;
				CLANG_ENABLE_OBJC_WEAK = YES;
				CLANG_WARN_BLOCK_CAPTURE_AUTORELEASING = YES;
				CLANG_WARN_BOOL_CONVERSION = YES;
				CLANG_WARN_COMMA = YES;
				CLANG_WARN_CONSTANT_CONVERSION = YES;
				CLANG_WARN_DEPRECATED_OBJC_IMPLEMENTATIONS = YES;
				CLANG_WARN_DIRECT_OBJC_ISA_USAGE = YES_ERROR;
				CLANG_WARN_DOCUMENTATION_COMMENTS = YES;
				CLANG_WARN_EMPTY_BODY = YES;
				CLANG_WARN_ENUM_CONVERSION = YES;
				CLANG_WARN_INFINITE_RECURSION = YES;
				CLANG_WARN_INT_CONVERSION = YES;
				CLANG_WARN_NON_LITERAL_NULL_CONVERSION = YES;
				CLANG_WARN_OBJC_IMPLICIT_RETAIN_SELF = YES;
				CLANG_WARN_OBJC_LITERAL_CONVERSION = YES;
				CLANG_WARN_OBJC_ROOT_CLASS = YES_ERROR;
				CLANG_WARN_QUOTED_INCLUDE_IN_FRAMEWORK_HEADER = YES;
				CLANG_WARN_RANGE_LOOP_ANALYSIS = YES;
				CLANG_WARN_STRICT_PROTOTYPES = YES;
				CLANG_WARN_SUSPICIOUS_MOVE = YES;
				CLANG_WARN_UNGUARDED_AVAILABILITY = YES_AGGRESSIVE;
				CLANG_WARN_UNREACHABLE_CODE = YES;
				CLANG_WARN__DUPLICATE_METHOD_MATCH = YES;
				COPY_PHASE_STRIP = NO;
				DEBUG_INFORMATION_FORMAT = "dwarf-with-dsym";
				ENABLE_NS_ASSERTIONS = NO;
				ENABLE_STRICT_OBJC_MSGSEND = YES;
				GCC_C_LANGUAGE_STANDARD = gnu11;
				GCC_NO_COMMON_BLOCKS = YES;
				GCC_WARN_64_TO_32_BIT_CONVERSION = YES;
				GCC_WARN_ABOUT_RETURN_TYPE = YES_ERROR;
				GCC_WARN_UNDECLARED_SELECTOR = YES;
				GCC_WARN_UNINITIALIZED_AUTOS = YES_AGGRESSIVE;
				GCC_WARN_UNUSED_FUNCTION = YES;
				GCC_WARN_UNUSED_VARIABLE = YES;
				IPHONEOS_DEPLOYMENT_TARGET = 14.5;
				MTL_ENABLE_DEBUG_INFO = NO;
				MTL_FAST_MATH = YES;
				SDKROOT = iphoneos;
				SWIFT_COMPILATION_MODE = wholemodule;
				SWIFT_OPTIMIZATION_LEVEL = "-O";
				VALIDATE_PRODUCT = YES;
			};
			name = Release;
		};
		AB70486927B69C1000D25177 /* Debug */ = {
			isa = XCBuildConfiguration;
			buildSettings = {
				ASSETCATALOG_COMPILER_APPICON_NAME = AppIcon;
				ASSETCATALOG_COMPILER_GLOBAL_ACCENT_COLOR_NAME = AccentColor;
				CODE_SIGN_STYLE = Automatic;
				DEVELOPMENT_TEAM = P858L38B8A;
				INFOPLIST_FILE = Systems/Info.plist;
				LD_RUNPATH_SEARCH_PATHS = (
					"$(inherited)",
					"@executable_path/Frameworks",
				);
				PRODUCT_BUNDLE_IDENTIFIER = com.mehmetalptaser.HaberlerBB;
				PRODUCT_NAME = "$(TARGET_NAME)";
				SWIFT_VERSION = 5.0;
				TARGETED_DEVICE_FAMILY = "1,2";
			};
			name = Debug;
		};
		AB70486A27B69C1000D25177 /* Release */ = {
			isa = XCBuildConfiguration;
			buildSettings = {
				ASSETCATALOG_COMPILER_APPICON_NAME = AppIcon;
				ASSETCATALOG_COMPILER_GLOBAL_ACCENT_COLOR_NAME = AccentColor;
				CODE_SIGN_STYLE = Automatic;
				DEVELOPMENT_TEAM = P858L38B8A;
				INFOPLIST_FILE = Systems/Info.plist;
				LD_RUNPATH_SEARCH_PATHS = (
					"$(inherited)",
					"@executable_path/Frameworks",
				);
				PRODUCT_BUNDLE_IDENTIFIER = com.mehmetalptaser.HaberlerBB;
				PRODUCT_NAME = "$(TARGET_NAME)";
				SWIFT_VERSION = 5.0;
				TARGETED_DEVICE_FAMILY = "1,2";
			};
			name = Release;
		};
/* End XCBuildConfiguration section */

/* Begin XCConfigurationList section */
		AB70484F27B69C0E00D25177 /* Build configuration list for PBXProject "HaberlerBB" */ = {
			isa = XCConfigurationList;
			buildConfigurations = (
				AB70486627B69C1000D25177 /* Debug */,
				AB70486727B69C1000D25177 /* Release */,
			);
			defaultConfigurationIsVisible = 0;
			defaultConfigurationName = Release;
		};
		AB70486827B69C1000D25177 /* Build configuration list for PBXNativeTarget "HaberlerBB" */ = {
			isa = XCConfigurationList;
			buildConfigurations = (
				AB70486927B69C1000D25177 /* Debug */,
				AB70486A27B69C1000D25177 /* Release */,
			);
			defaultConfigurationIsVisible = 0;
			defaultConfigurationName = Release;
		};
/* End XCConfigurationList section */

/* Begin XCRemoteSwiftPackageReference section */
		ABDE41FF27BA6D1900FDB47F /* XCRemoteSwiftPackageReference "Kingfisher" */ = {
			isa = XCRemoteSwiftPackageReference;
			repositoryURL = "https://github.com/onevcat/Kingfisher.git";
			requirement = {
				kind = versionRange;
				maximumVersion = 6.0.0;
				minimumVersion = 5.13.1;
			};
		};
/* End XCRemoteSwiftPackageReference section */

/* Begin XCSwiftPackageProductDependency section */
		ABDE420027BA6D1900FDB47F /* Kingfisher */ = {
			isa = XCSwiftPackageProductDependency;
			package = ABDE41FF27BA6D1900FDB47F /* XCRemoteSwiftPackageReference "Kingfisher" */;
			productName = Kingfisher;
		};
/* End XCSwiftPackageProductDependency section */
	};
	rootObject = AB70484C27B69C0E00D25177 /* Project object */;
}
